// !$*UTF8*$!
{
	archiveVersion = 1;
	classes = {
	};
	objectVersion = 50;
	objects = {

/* Begin PBXBuildFile section */
		F70A7DA921A560550000E8E5 /* DYSDemo13WeakTimerProxy.m in Sources */ = {isa = PBXBuildFile; fileRef = F70A7DA821A560550000E8E5 /* DYSDemo13WeakTimerProxy.m */; };
		F724DCA6219ECCB400F4A84A /* DYSDemo11ViewController.m in Sources */ = {isa = PBXBuildFile; fileRef = F724DCA4219ECCB400F4A84A /* DYSDemo11ViewController.m */; };
		F724DCA7219ECCB400F4A84A /* DYSDemo11ViewController.xib in Resources */ = {isa = PBXBuildFile; fileRef = F724DCA5219ECCB400F4A84A /* DYSDemo11ViewController.xib */; };
		F724DCAB219ED37300F4A84A /* DYSDemo12ViewController.m in Sources */ = {isa = PBXBuildFile; fileRef = F724DCA9219ED37300F4A84A /* DYSDemo12ViewController.m */; };
		F724DCAC219ED37300F4A84A /* DYSDemo12ViewController.xib in Resources */ = {isa = PBXBuildFile; fileRef = F724DCAA219ED37300F4A84A /* DYSDemo12ViewController.xib */; };
		F73FEFF1219BFDAC007F9A9D /* AppDelegate.m in Sources */ = {isa = PBXBuildFile; fileRef = F73FEFF0219BFDAC007F9A9D /* AppDelegate.m */; };
		F73FEFF4219BFDAC007F9A9D /* ViewController.m in Sources */ = {isa = PBXBuildFile; fileRef = F73FEFF3219BFDAC007F9A9D /* ViewController.m */; };
		F73FEFF7219BFDAC007F9A9D /* Main.storyboard in Resources */ = {isa = PBXBuildFile; fileRef = F73FEFF5219BFDAC007F9A9D /* Main.storyboard */; };
		F73FEFF9219BFDAF007F9A9D /* Assets.xcassets in Resources */ = {isa = PBXBuildFile; fileRef = F73FEFF8219BFDAF007F9A9D /* Assets.xcassets */; };
		F73FEFFC219BFDAF007F9A9D /* LaunchScreen.storyboard in Resources */ = {isa = PBXBuildFile; fileRef = F73FEFFA219BFDAF007F9A9D /* LaunchScreen.storyboard */; };
		F73FEFFF219BFDAF007F9A9D /* main.m in Sources */ = {isa = PBXBuildFile; fileRef = F73FEFFE219BFDAF007F9A9D /* main.m */; };
		F73FF008219BFE62007F9A9D /* DYSDemo01ViewController.m in Sources */ = {isa = PBXBuildFile; fileRef = F73FF006219BFE62007F9A9D /* DYSDemo01ViewController.m */; };
		F73FF009219BFE62007F9A9D /* DYSDemo01ViewController.xib in Resources */ = {isa = PBXBuildFile; fileRef = F73FF007219BFE62007F9A9D /* DYSDemo01ViewController.xib */; };
		F73FF00D219C065B007F9A9D /* DYSDemo02ViewController.m in Sources */ = {isa = PBXBuildFile; fileRef = F73FF00B219C065B007F9A9D /* DYSDemo02ViewController.m */; };
		F73FF00E219C065B007F9A9D /* DYSDemo02ViewController.xib in Resources */ = {isa = PBXBuildFile; fileRef = F73FF00C219C065B007F9A9D /* DYSDemo02ViewController.xib */; };
		F73FF012219C09DD007F9A9D /* DYSDemo03ViewController.m in Sources */ = {isa = PBXBuildFile; fileRef = F73FF010219C09DD007F9A9D /* DYSDemo03ViewController.m */; };
		F73FF013219C09DD007F9A9D /* DYSDemo03ViewController.xib in Resources */ = {isa = PBXBuildFile; fileRef = F73FF011219C09DD007F9A9D /* DYSDemo03ViewController.xib */; };
		F73FF016219C09F3007F9A9D /* DYSDemo03Layer.m in Sources */ = {isa = PBXBuildFile; fileRef = F73FF015219C09F3007F9A9D /* DYSDemo03Layer.m */; };
		F73FF019219C0CE1007F9A9D /* DYSDemo02LayerDelegate.m in Sources */ = {isa = PBXBuildFile; fileRef = F73FF018219C0CE1007F9A9D /* DYSDemo02LayerDelegate.m */; };
		F74B78C2219E724D00CDF998 /* buddle@2x.png in Resources */ = {isa = PBXBuildFile; fileRef = F74B78C1219E724D00CDF998 /* buddle@2x.png */; };
		F74B78C6219E761500CDF998 /* DYSDemo06ViewController.m in Sources */ = {isa = PBXBuildFile; fileRef = F74B78C4219E761500CDF998 /* DYSDemo06ViewController.m */; };
		F74B78C7219E761500CDF998 /* DYSDemo06ViewController.xib in Resources */ = {isa = PBXBuildFile; fileRef = F74B78C5219E761500CDF998 /* DYSDemo06ViewController.xib */; };
		F74B78CB219E8A8D00CDF998 /* DYSDemo08ViewController.m in Sources */ = {isa = PBXBuildFile; fileRef = F74B78C9219E8A8D00CDF998 /* DYSDemo08ViewController.m */; };
		F74B78CC219E8A8D00CDF998 /* DYSDemo08ViewController.xib in Resources */ = {isa = PBXBuildFile; fileRef = F74B78CA219E8A8D00CDF998 /* DYSDemo08ViewController.xib */; };
		F790E5F1219E8D0200D16BFA /* beauty.png in Resources */ = {isa = PBXBuildFile; fileRef = F790E5F0219E8D0200D16BFA /* beauty.png */; };
		F790E5F5219E962C00D16BFA /* DYSDemo09ViewController.m in Sources */ = {isa = PBXBuildFile; fileRef = F790E5F3219E962C00D16BFA /* DYSDemo09ViewController.m */; };
		F790E5F6219E962C00D16BFA /* DYSDemo09ViewController.xib in Resources */ = {isa = PBXBuildFile; fileRef = F790E5F4219E962C00D16BFA /* DYSDemo09ViewController.xib */; };
		F790E5FA219EA98100D16BFA /* DYSDemo10ViewController.m in Sources */ = {isa = PBXBuildFile; fileRef = F790E5F8219EA98100D16BFA /* DYSDemo10ViewController.m */; };
		F790E5FB219EA98100D16BFA /* DYSDemo10ViewController.xib in Resources */ = {isa = PBXBuildFile; fileRef = F790E5F9219EA98100D16BFA /* DYSDemo10ViewController.xib */; };
		F7A2266521ACE08200EA597E /* DYSDemo21ViewController.m in Sources */ = {isa = PBXBuildFile; fileRef = F7A2266321ACE08200EA597E /* DYSDemo21ViewController.m */; };
		F7A2266621ACE08200EA597E /* DYSDemo21ViewController.xib in Resources */ = {isa = PBXBuildFile; fileRef = F7A2266421ACE08200EA597E /* DYSDemo21ViewController.xib */; };
		F7A2266A21AD248A00EA597E /* DYSDemo22ViewController.m in Sources */ = {isa = PBXBuildFile; fileRef = F7A2266821AD248A00EA597E /* DYSDemo22ViewController.m */; };
		F7A2266B21AD248A00EA597E /* DYSDemo22ViewController.xib in Resources */ = {isa = PBXBuildFile; fileRef = F7A2266921AD248A00EA597E /* DYSDemo22ViewController.xib */; };
		F7A2266E21AD65FC00EA597E /* DYSLayerLabel.m in Sources */ = {isa = PBXBuildFile; fileRef = F7A2266D21AD65FC00EA597E /* DYSLayerLabel.m */; };
		F7A2267221AD6C0100EA597E /* DYSDemo23ViewController.m in Sources */ = {isa = PBXBuildFile; fileRef = F7A2267021AD6C0100EA597E /* DYSDemo23ViewController.m */; };
		F7A2267321AD6C0100EA597E /* DYSDemo23ViewController.xib in Resources */ = {isa = PBXBuildFile; fileRef = F7A2267121AD6C0100EA597E /* DYSDemo23ViewController.xib */; };
		F7D93277219E617E009B4BA3 /* DYSDemo05ViewController.m in Sources */ = {isa = PBXBuildFile; fileRef = F7D93275219E617E009B4BA3 /* DYSDemo05ViewController.m */; };
		F7D93278219E617E009B4BA3 /* DYSDemo05ViewController.xib in Resources */ = {isa = PBXBuildFile; fileRef = F7D93276219E617E009B4BA3 /* DYSDemo05ViewController.xib */; };
		F7D9327A219E61F3009B4BA3 /* banner1.png in Resources */ = {isa = PBXBuildFile; fileRef = F7D93279219E61F3009B4BA3 /* banner1.png */; };
		F7EC772321A5637E000F1B9C /* DYSDemo14ViewController.m in Sources */ = {isa = PBXBuildFile; fileRef = F7EC772121A5637E000F1B9C /* DYSDemo14ViewController.m */; };
		F7EC772421A5637E000F1B9C /* DYSDemo14ViewController.xib in Resources */ = {isa = PBXBuildFile; fileRef = F7EC772221A5637E000F1B9C /* DYSDemo14ViewController.xib */; };
		F7EC772D21A56792000F1B9C /* DYSDemo15ViewController.m in Sources */ = {isa = PBXBuildFile; fileRef = F7EC772B21A56792000F1B9C /* DYSDemo15ViewController.m */; };
		F7EC772E21A56792000F1B9C /* DYSDemo15ViewController.xib in Resources */ = {isa = PBXBuildFile; fileRef = F7EC772C21A56792000F1B9C /* DYSDemo15ViewController.xib */; };
		F7EC773221A57651000F1B9C /* DYSDemo16ViewController.m in Sources */ = {isa = PBXBuildFile; fileRef = F7EC773021A57651000F1B9C /* DYSDemo16ViewController.m */; };
		F7EC773321A57651000F1B9C /* DYSDemo16ViewController.xib in Resources */ = {isa = PBXBuildFile; fileRef = F7EC773121A57651000F1B9C /* DYSDemo16ViewController.xib */; };
		F7EC773721A57B9F000F1B9C /* DYSDemo17ViewController.m in Sources */ = {isa = PBXBuildFile; fileRef = F7EC773521A57B9F000F1B9C /* DYSDemo17ViewController.m */; };
		F7EC773821A57B9F000F1B9C /* DYSDemo17ViewController.xib in Resources */ = {isa = PBXBuildFile; fileRef = F7EC773621A57B9F000F1B9C /* DYSDemo17ViewController.xib */; };
		F7EC773C21A57F2A000F1B9C /* DYSDemo18ViewController.m in Sources */ = {isa = PBXBuildFile; fileRef = F7EC773A21A57F2A000F1B9C /* DYSDemo18ViewController.m */; };
		F7EC773D21A57F2A000F1B9C /* DYSDemo18ViewController.xib in Resources */ = {isa = PBXBuildFile; fileRef = F7EC773B21A57F2A000F1B9C /* DYSDemo18ViewController.xib */; };
		F7EC774121A580DC000F1B9C /* DYSDemo19ViewController.m in Sources */ = {isa = PBXBuildFile; fileRef = F7EC773F21A580DC000F1B9C /* DYSDemo19ViewController.m */; };
		F7EC774221A580DC000F1B9C /* DYSDemo19ViewController.xib in Resources */ = {isa = PBXBuildFile; fileRef = F7EC774021A580DC000F1B9C /* DYSDemo19ViewController.xib */; };
		F7EC774421A58213000F1B9C /* Digits.png in Resources */ = {isa = PBXBuildFile; fileRef = F7EC774321A58212000F1B9C /* Digits.png */; };
		F7EC774821A58545000F1B9C /* DYSDemo20ViewController.m in Sources */ = {isa = PBXBuildFile; fileRef = F7EC774621A58545000F1B9C /* DYSDemo20ViewController.m */; };
		F7EC774921A58545000F1B9C /* DYSDemo20ViewController.xib in Resources */ = {isa = PBXBuildFile; fileRef = F7EC774721A58545000F1B9C /* DYSDemo20ViewController.xib */; };
		F7F36A6F21A556A0003EC807 /* DYSDemo13ViewController.m in Sources */ = {isa = PBXBuildFile; fileRef = F7F36A6D21A556A0003EC807 /* DYSDemo13ViewController.m */; };
		F7F36A7021A556A0003EC807 /* DYSDemo13ViewController.xib in Resources */ = {isa = PBXBuildFile; fileRef = F7F36A6E21A556A0003EC807 /* DYSDemo13ViewController.xib */; };
/* End PBXBuildFile section */

/* Begin PBXFileReference section */
		F70A7DA721A560550000E8E5 /* DYSDemo13WeakTimerProxy.h */ = {isa = PBXFileReference; lastKnownFileType = sourcecode.c.h; path = DYSDemo13WeakTimerProxy.h; sourceTree = "<group>"; };
		F70A7DA821A560550000E8E5 /* DYSDemo13WeakTimerProxy.m */ = {isa = PBXFileReference; lastKnownFileType = sourcecode.c.objc; path = DYSDemo13WeakTimerProxy.m; sourceTree = "<group>"; };
		F724DCA3219ECCB400F4A84A /* DYSDemo11ViewController.h */ = {isa = PBXFileReference; lastKnownFileType = sourcecode.c.h; path = DYSDemo11ViewController.h; sourceTree = "<group>"; };
		F724DCA4219ECCB400F4A84A /* DYSDemo11ViewController.m */ = {isa = PBXFileReference; lastKnownFileType = sourcecode.c.objc; path = DYSDemo11ViewController.m; sourceTree = "<group>"; };
		F724DCA5219ECCB400F4A84A /* DYSDemo11ViewController.xib */ = {isa = PBXFileReference; lastKnownFileType = file.xib; path = DYSDemo11ViewController.xib; sourceTree = "<group>"; };
		F724DCA8219ED37300F4A84A /* DYSDemo12ViewController.h */ = {isa = PBXFileReference; lastKnownFileType = sourcecode.c.h; path = DYSDemo12ViewController.h; sourceTree = "<group>"; };
		F724DCA9219ED37300F4A84A /* DYSDemo12ViewController.m */ = {isa = PBXFileReference; lastKnownFileType = sourcecode.c.objc; path = DYSDemo12ViewController.m; sourceTree = "<group>"; };
		F724DCAA219ED37300F4A84A /* DYSDemo12ViewController.xib */ = {isa = PBXFileReference; lastKnownFileType = file.xib; path = DYSDemo12ViewController.xib; sourceTree = "<group>"; };
		F73FEFEC219BFDAC007F9A9D /* LayerExplore.app */ = {isa = PBXFileReference; explicitFileType = wrapper.application; includeInIndex = 0; path = LayerExplore.app; sourceTree = BUILT_PRODUCTS_DIR; };
		F73FEFEF219BFDAC007F9A9D /* AppDelegate.h */ = {isa = PBXFileReference; lastKnownFileType = sourcecode.c.h; path = AppDelegate.h; sourceTree = "<group>"; };
		F73FEFF0219BFDAC007F9A9D /* AppDelegate.m */ = {isa = PBXFileReference; lastKnownFileType = sourcecode.c.objc; path = AppDelegate.m; sourceTree = "<group>"; };
		F73FEFF2219BFDAC007F9A9D /* ViewController.h */ = {isa = PBXFileReference; lastKnownFileType = sourcecode.c.h; path = ViewController.h; sourceTree = "<group>"; };
		F73FEFF3219BFDAC007F9A9D /* ViewController.m */ = {isa = PBXFileReference; lastKnownFileType = sourcecode.c.objc; path = ViewController.m; sourceTree = "<group>"; };
		F73FEFF6219BFDAC007F9A9D /* Base */ = {isa = PBXFileReference; lastKnownFileType = file.storyboard; name = Base; path = Base.lproj/Main.storyboard; sourceTree = "<group>"; };
		F73FEFF8219BFDAF007F9A9D /* Assets.xcassets */ = {isa = PBXFileReference; lastKnownFileType = folder.assetcatalog; path = Assets.xcassets; sourceTree = "<group>"; };
		F73FEFFB219BFDAF007F9A9D /* Base */ = {isa = PBXFileReference; lastKnownFileType = file.storyboard; name = Base; path = Base.lproj/LaunchScreen.storyboard; sourceTree = "<group>"; };
		F73FEFFD219BFDAF007F9A9D /* Info.plist */ = {isa = PBXFileReference; lastKnownFileType = text.plist.xml; path = Info.plist; sourceTree = "<group>"; };
		F73FEFFE219BFDAF007F9A9D /* main.m */ = {isa = PBXFileReference; lastKnownFileType = sourcecode.c.objc; path = main.m; sourceTree = "<group>"; };
		F73FF005219BFE62007F9A9D /* DYSDemo01ViewController.h */ = {isa = PBXFileReference; lastKnownFileType = sourcecode.c.h; path = DYSDemo01ViewController.h; sourceTree = "<group>"; };
		F73FF006219BFE62007F9A9D /* DYSDemo01ViewController.m */ = {isa = PBXFileReference; lastKnownFileType = sourcecode.c.objc; path = DYSDemo01ViewController.m; sourceTree = "<group>"; };
		F73FF007219BFE62007F9A9D /* DYSDemo01ViewController.xib */ = {isa = PBXFileReference; lastKnownFileType = file.xib; path = DYSDemo01ViewController.xib; sourceTree = "<group>"; };
		F73FF00A219C065B007F9A9D /* DYSDemo02ViewController.h */ = {isa = PBXFileReference; lastKnownFileType = sourcecode.c.h; path = DYSDemo02ViewController.h; sourceTree = "<group>"; };
		F73FF00B219C065B007F9A9D /* DYSDemo02ViewController.m */ = {isa = PBXFileReference; lastKnownFileType = sourcecode.c.objc; path = DYSDemo02ViewController.m; sourceTree = "<group>"; };
		F73FF00C219C065B007F9A9D /* DYSDemo02ViewController.xib */ = {isa = PBXFileReference; lastKnownFileType = file.xib; path = DYSDemo02ViewController.xib; sourceTree = "<group>"; };
		F73FF00F219C09DD007F9A9D /* DYSDemo03ViewController.h */ = {isa = PBXFileReference; lastKnownFileType = sourcecode.c.h; path = DYSDemo03ViewController.h; sourceTree = "<group>"; };
		F73FF010219C09DD007F9A9D /* DYSDemo03ViewController.m */ = {isa = PBXFileReference; lastKnownFileType = sourcecode.c.objc; path = DYSDemo03ViewController.m; sourceTree = "<group>"; };
		F73FF011219C09DD007F9A9D /* DYSDemo03ViewController.xib */ = {isa = PBXFileReference; lastKnownFileType = file.xib; path = DYSDemo03ViewController.xib; sourceTree = "<group>"; };
		F73FF014219C09F3007F9A9D /* DYSDemo03Layer.h */ = {isa = PBXFileReference; lastKnownFileType = sourcecode.c.h; path = DYSDemo03Layer.h; sourceTree = "<group>"; };
		F73FF015219C09F3007F9A9D /* DYSDemo03Layer.m */ = {isa = PBXFileReference; lastKnownFileType = sourcecode.c.objc; path = DYSDemo03Layer.m; sourceTree = "<group>"; };
		F73FF017219C0CE1007F9A9D /* DYSDemo02LayerDelegate.h */ = {isa = PBXFileReference; lastKnownFileType = sourcecode.c.h; path = DYSDemo02LayerDelegate.h; sourceTree = "<group>"; };
		F73FF018219C0CE1007F9A9D /* DYSDemo02LayerDelegate.m */ = {isa = PBXFileReference; lastKnownFileType = sourcecode.c.objc; path = DYSDemo02LayerDelegate.m; sourceTree = "<group>"; };
		F74B78C1219E724D00CDF998 /* buddle@2x.png */ = {isa = PBXFileReference; lastKnownFileType = image.png; path = "buddle@2x.png"; sourceTree = "<group>"; };
		F74B78C3219E761500CDF998 /* DYSDemo06ViewController.h */ = {isa = PBXFileReference; lastKnownFileType = sourcecode.c.h; path = DYSDemo06ViewController.h; sourceTree = "<group>"; };
		F74B78C4219E761500CDF998 /* DYSDemo06ViewController.m */ = {isa = PBXFileReference; lastKnownFileType = sourcecode.c.objc; path = DYSDemo06ViewController.m; sourceTree = "<group>"; };
		F74B78C5219E761500CDF998 /* DYSDemo06ViewController.xib */ = {isa = PBXFileReference; lastKnownFileType = file.xib; path = DYSDemo06ViewController.xib; sourceTree = "<group>"; };
		F74B78C8219E8A8D00CDF998 /* DYSDemo08ViewController.h */ = {isa = PBXFileReference; lastKnownFileType = sourcecode.c.h; path = DYSDemo08ViewController.h; sourceTree = "<group>"; };
		F74B78C9219E8A8D00CDF998 /* DYSDemo08ViewController.m */ = {isa = PBXFileReference; lastKnownFileType = sourcecode.c.objc; path = DYSDemo08ViewController.m; sourceTree = "<group>"; };
		F74B78CA219E8A8D00CDF998 /* DYSDemo08ViewController.xib */ = {isa = PBXFileReference; lastKnownFileType = file.xib; path = DYSDemo08ViewController.xib; sourceTree = "<group>"; };
		F790E5F0219E8D0200D16BFA /* beauty.png */ = {isa = PBXFileReference; lastKnownFileType = image.png; path = beauty.png; sourceTree = "<group>"; };
		F790E5F2219E962C00D16BFA /* DYSDemo09ViewController.h */ = {isa = PBXFileReference; lastKnownFileType = sourcecode.c.h; path = DYSDemo09ViewController.h; sourceTree = "<group>"; };
		F790E5F3219E962C00D16BFA /* DYSDemo09ViewController.m */ = {isa = PBXFileReference; lastKnownFileType = sourcecode.c.objc; path = DYSDemo09ViewController.m; sourceTree = "<group>"; };
		F790E5F4219E962C00D16BFA /* DYSDemo09ViewController.xib */ = {isa = PBXFileReference; lastKnownFileType = file.xib; path = DYSDemo09ViewController.xib; sourceTree = "<group>"; };
		F790E5F7219EA98100D16BFA /* DYSDemo10ViewController.h */ = {isa = PBXFileReference; lastKnownFileType = sourcecode.c.h; path = DYSDemo10ViewController.h; sourceTree = "<group>"; };
		F790E5F8219EA98100D16BFA /* DYSDemo10ViewController.m */ = {isa = PBXFileReference; lastKnownFileType = sourcecode.c.objc; path = DYSDemo10ViewController.m; sourceTree = "<group>"; };
		F790E5F9219EA98100D16BFA /* DYSDemo10ViewController.xib */ = {isa = PBXFileReference; lastKnownFileType = file.xib; path = DYSDemo10ViewController.xib; sourceTree = "<group>"; };
		F7A2266221ACE08200EA597E /* DYSDemo21ViewController.h */ = {isa = PBXFileReference; lastKnownFileType = sourcecode.c.h; path = DYSDemo21ViewController.h; sourceTree = "<group>"; };
		F7A2266321ACE08200EA597E /* DYSDemo21ViewController.m */ = {isa = PBXFileReference; lastKnownFileType = sourcecode.c.objc; path = DYSDemo21ViewController.m; sourceTree = "<group>"; };
		F7A2266421ACE08200EA597E /* DYSDemo21ViewController.xib */ = {isa = PBXFileReference; lastKnownFileType = file.xib; path = DYSDemo21ViewController.xib; sourceTree = "<group>"; };
		F7A2266721AD248A00EA597E /* DYSDemo22ViewController.h */ = {isa = PBXFileReference; lastKnownFileType = sourcecode.c.h; path = DYSDemo22ViewController.h; sourceTree = "<group>"; };
		F7A2266821AD248A00EA597E /* DYSDemo22ViewController.m */ = {isa = PBXFileReference; lastKnownFileType = sourcecode.c.objc; path = DYSDemo22ViewController.m; sourceTree = "<group>"; };
		F7A2266921AD248A00EA597E /* DYSDemo22ViewController.xib */ = {isa = PBXFileReference; lastKnownFileType = file.xib; path = DYSDemo22ViewController.xib; sourceTree = "<group>"; };
		F7A2266C21AD65FC00EA597E /* DYSLayerLabel.h */ = {isa = PBXFileReference; lastKnownFileType = sourcecode.c.h; path = DYSLayerLabel.h; sourceTree = "<group>"; };
		F7A2266D21AD65FC00EA597E /* DYSLayerLabel.m */ = {isa = PBXFileReference; lastKnownFileType = sourcecode.c.objc; path = DYSLayerLabel.m; sourceTree = "<group>"; };
		F7A2266F21AD6C0100EA597E /* DYSDemo23ViewController.h */ = {isa = PBXFileReference; lastKnownFileType = sourcecode.c.h; path = DYSDemo23ViewController.h; sourceTree = "<group>"; };
		F7A2267021AD6C0100EA597E /* DYSDemo23ViewController.m */ = {isa = PBXFileReference; lastKnownFileType = sourcecode.c.objc; path = DYSDemo23ViewController.m; sourceTree = "<group>"; };
		F7A2267121AD6C0100EA597E /* DYSDemo23ViewController.xib */ = {isa = PBXFileReference; lastKnownFileType = file.xib; path = DYSDemo23ViewController.xib; sourceTree = "<group>"; };
		F7D93274219E617E009B4BA3 /* DYSDemo05ViewController.h */ = {isa = PBXFileReference; lastKnownFileType = sourcecode.c.h; path = DYSDemo05ViewController.h; sourceTree = "<group>"; };
		F7D93275219E617E009B4BA3 /* DYSDemo05ViewController.m */ = {isa = PBXFileReference; lastKnownFileType = sourcecode.c.objc; path = DYSDemo05ViewController.m; sourceTree = "<group>"; };
		F7D93276219E617E009B4BA3 /* DYSDemo05ViewController.xib */ = {isa = PBXFileReference; lastKnownFileType = file.xib; path = DYSDemo05ViewController.xib; sourceTree = "<group>"; };
		F7D93279219E61F3009B4BA3 /* banner1.png */ = {isa = PBXFileReference; lastKnownFileType = image.png; path = banner1.png; sourceTree = "<group>"; };
		F7EC772021A5637E000F1B9C /* DYSDemo14ViewController.h */ = {isa = PBXFileReference; lastKnownFileType = sourcecode.c.h; path = DYSDemo14ViewController.h; sourceTree = "<group>"; };
		F7EC772121A5637E000F1B9C /* DYSDemo14ViewController.m */ = {isa = PBXFileReference; lastKnownFileType = sourcecode.c.objc; path = DYSDemo14ViewController.m; sourceTree = "<group>"; };
		F7EC772221A5637E000F1B9C /* DYSDemo14ViewController.xib */ = {isa = PBXFileReference; lastKnownFileType = file.xib; path = DYSDemo14ViewController.xib; sourceTree = "<group>"; };
		F7EC772A21A56792000F1B9C /* DYSDemo15ViewController.h */ = {isa = PBXFileReference; lastKnownFileType = sourcecode.c.h; path = DYSDemo15ViewController.h; sourceTree = "<group>"; };
		F7EC772B21A56792000F1B9C /* DYSDemo15ViewController.m */ = {isa = PBXFileReference; lastKnownFileType = sourcecode.c.objc; path = DYSDemo15ViewController.m; sourceTree = "<group>"; };
		F7EC772C21A56792000F1B9C /* DYSDemo15ViewController.xib */ = {isa = PBXFileReference; lastKnownFileType = file.xib; path = DYSDemo15ViewController.xib; sourceTree = "<group>"; };
		F7EC772F21A57651000F1B9C /* DYSDemo16ViewController.h */ = {isa = PBXFileReference; lastKnownFileType = sourcecode.c.h; path = DYSDemo16ViewController.h; sourceTree = "<group>"; };
		F7EC773021A57651000F1B9C /* DYSDemo16ViewController.m */ = {isa = PBXFileReference; lastKnownFileType = sourcecode.c.objc; path = DYSDemo16ViewController.m; sourceTree = "<group>"; };
		F7EC773121A57651000F1B9C /* DYSDemo16ViewController.xib */ = {isa = PBXFileReference; lastKnownFileType = file.xib; path = DYSDemo16ViewController.xib; sourceTree = "<group>"; };
		F7EC773421A57B9F000F1B9C /* DYSDemo17ViewController.h */ = {isa = PBXFileReference; lastKnownFileType = sourcecode.c.h; path = DYSDemo17ViewController.h; sourceTree = "<group>"; };
		F7EC773521A57B9F000F1B9C /* DYSDemo17ViewController.m */ = {isa = PBXFileReference; lastKnownFileType = sourcecode.c.objc; path = DYSDemo17ViewController.m; sourceTree = "<group>"; };
		F7EC773621A57B9F000F1B9C /* DYSDemo17ViewController.xib */ = {isa = PBXFileReference; lastKnownFileType = file.xib; path = DYSDemo17ViewController.xib; sourceTree = "<group>"; };
		F7EC773921A57F2A000F1B9C /* DYSDemo18ViewController.h */ = {isa = PBXFileReference; lastKnownFileType = sourcecode.c.h; path = DYSDemo18ViewController.h; sourceTree = "<group>"; };
		F7EC773A21A57F2A000F1B9C /* DYSDemo18ViewController.m */ = {isa = PBXFileReference; lastKnownFileType = sourcecode.c.objc; path = DYSDemo18ViewController.m; sourceTree = "<group>"; };
		F7EC773B21A57F2A000F1B9C /* DYSDemo18ViewController.xib */ = {isa = PBXFileReference; lastKnownFileType = file.xib; path = DYSDemo18ViewController.xib; sourceTree = "<group>"; };
		F7EC773E21A580DC000F1B9C /* DYSDemo19ViewController.h */ = {isa = PBXFileReference; lastKnownFileType = sourcecode.c.h; path = DYSDemo19ViewController.h; sourceTree = "<group>"; };
		F7EC773F21A580DC000F1B9C /* DYSDemo19ViewController.m */ = {isa = PBXFileReference; lastKnownFileType = sourcecode.c.objc; path = DYSDemo19ViewController.m; sourceTree = "<group>"; };
		F7EC774021A580DC000F1B9C /* DYSDemo19ViewController.xib */ = {isa = PBXFileReference; lastKnownFileType = file.xib; path = DYSDemo19ViewController.xib; sourceTree = "<group>"; };
		F7EC774321A58212000F1B9C /* Digits.png */ = {isa = PBXFileReference; lastKnownFileType = image.png; path = Digits.png; sourceTree = "<group>"; };
		F7EC774521A58545000F1B9C /* DYSDemo20ViewController.h */ = {isa = PBXFileReference; lastKnownFileType = sourcecode.c.h; path = DYSDemo20ViewController.h; sourceTree = "<group>"; };
		F7EC774621A58545000F1B9C /* DYSDemo20ViewController.m */ = {isa = PBXFileReference; lastKnownFileType = sourcecode.c.objc; path = DYSDemo20ViewController.m; sourceTree = "<group>"; };
		F7EC774721A58545000F1B9C /* DYSDemo20ViewController.xib */ = {isa = PBXFileReference; lastKnownFileType = file.xib; path = DYSDemo20ViewController.xib; sourceTree = "<group>"; };
		F7F36A6C21A556A0003EC807 /* DYSDemo13ViewController.h */ = {isa = PBXFileReference; lastKnownFileType = sourcecode.c.h; path = DYSDemo13ViewController.h; sourceTree = "<group>"; };
		F7F36A6D21A556A0003EC807 /* DYSDemo13ViewController.m */ = {isa = PBXFileReference; lastKnownFileType = sourcecode.c.objc; path = DYSDemo13ViewController.m; sourceTree = "<group>"; };
		F7F36A6E21A556A0003EC807 /* DYSDemo13ViewController.xib */ = {isa = PBXFileReference; lastKnownFileType = file.xib; path = DYSDemo13ViewController.xib; sourceTree = "<group>"; };
/* End PBXFileReference section */

/* Begin PBXFrameworksBuildPhase section */
		F73FEFE9219BFDAC007F9A9D /* Frameworks */ = {
			isa = PBXFrameworksBuildPhase;
			buildActionMask = 2147483647;
			files = (
			);
			runOnlyForDeploymentPostprocessing = 0;
		};
/* End PBXFrameworksBuildPhase section */

/* Begin PBXGroup section */
		F73FEFE3219BFDAC007F9A9D = {
			isa = PBXGroup;
			children = (
				F73FEFEE219BFDAC007F9A9D /* LayerExplore */,
				F73FEFED219BFDAC007F9A9D /* Products */,
			);
			sourceTree = "<group>";
		};
		F73FEFED219BFDAC007F9A9D /* Products */ = {
			isa = PBXGroup;
			children = (
				F73FEFEC219BFDAC007F9A9D /* LayerExplore.app */,
			);
			name = Products;
			sourceTree = "<group>";
		};
		F73FEFEE219BFDAC007F9A9D /* LayerExplore */ = {
			isa = PBXGroup;
			children = (
				F7EC774321A58212000F1B9C /* Digits.png */,
				F7D93279219E61F3009B4BA3 /* banner1.png */,
				F74B78C1219E724D00CDF998 /* buddle@2x.png */,
				F790E5F0219E8D0200D16BFA /* beauty.png */,
				F73FEFEF219BFDAC007F9A9D /* AppDelegate.h */,
				F73FEFF0219BFDAC007F9A9D /* AppDelegate.m */,
				F73FEFF2219BFDAC007F9A9D /* ViewController.h */,
				F73FEFF3219BFDAC007F9A9D /* ViewController.m */,
				F73FF005219BFE62007F9A9D /* DYSDemo01ViewController.h */,
				F73FF006219BFE62007F9A9D /* DYSDemo01ViewController.m */,
				F73FF007219BFE62007F9A9D /* DYSDemo01ViewController.xib */,
				F73FF00A219C065B007F9A9D /* DYSDemo02ViewController.h */,
				F73FF00B219C065B007F9A9D /* DYSDemo02ViewController.m */,
				F73FF00C219C065B007F9A9D /* DYSDemo02ViewController.xib */,
				F73FF017219C0CE1007F9A9D /* DYSDemo02LayerDelegate.h */,
				F73FF018219C0CE1007F9A9D /* DYSDemo02LayerDelegate.m */,
				F73FF00F219C09DD007F9A9D /* DYSDemo03ViewController.h */,
				F73FF010219C09DD007F9A9D /* DYSDemo03ViewController.m */,
				F73FF011219C09DD007F9A9D /* DYSDemo03ViewController.xib */,
				F73FF014219C09F3007F9A9D /* DYSDemo03Layer.h */,
				F73FF015219C09F3007F9A9D /* DYSDemo03Layer.m */,
				F7D93274219E617E009B4BA3 /* DYSDemo05ViewController.h */,
				F7D93275219E617E009B4BA3 /* DYSDemo05ViewController.m */,
				F7D93276219E617E009B4BA3 /* DYSDemo05ViewController.xib */,
				F74B78C3219E761500CDF998 /* DYSDemo06ViewController.h */,
				F74B78C4219E761500CDF998 /* DYSDemo06ViewController.m */,
				F74B78C5219E761500CDF998 /* DYSDemo06ViewController.xib */,
				F74B78C8219E8A8D00CDF998 /* DYSDemo08ViewController.h */,
				F74B78C9219E8A8D00CDF998 /* DYSDemo08ViewController.m */,
				F74B78CA219E8A8D00CDF998 /* DYSDemo08ViewController.xib */,
				F790E5F2219E962C00D16BFA /* DYSDemo09ViewController.h */,
				F790E5F3219E962C00D16BFA /* DYSDemo09ViewController.m */,
				F790E5F4219E962C00D16BFA /* DYSDemo09ViewController.xib */,
				F790E5F7219EA98100D16BFA /* DYSDemo10ViewController.h */,
				F790E5F8219EA98100D16BFA /* DYSDemo10ViewController.m */,
				F790E5F9219EA98100D16BFA /* DYSDemo10ViewController.xib */,
				F724DCA3219ECCB400F4A84A /* DYSDemo11ViewController.h */,
				F724DCA4219ECCB400F4A84A /* DYSDemo11ViewController.m */,
				F724DCA5219ECCB400F4A84A /* DYSDemo11ViewController.xib */,
				F724DCA8219ED37300F4A84A /* DYSDemo12ViewController.h */,
				F724DCA9219ED37300F4A84A /* DYSDemo12ViewController.m */,
				F724DCAA219ED37300F4A84A /* DYSDemo12ViewController.xib */,
				F7F36A6C21A556A0003EC807 /* DYSDemo13ViewController.h */,
				F7F36A6D21A556A0003EC807 /* DYSDemo13ViewController.m */,
				F7F36A6E21A556A0003EC807 /* DYSDemo13ViewController.xib */,
				F70A7DA721A560550000E8E5 /* DYSDemo13WeakTimerProxy.h */,
				F70A7DA821A560550000E8E5 /* DYSDemo13WeakTimerProxy.m */,
				F7EC772021A5637E000F1B9C /* DYSDemo14ViewController.h */,
				F7EC772121A5637E000F1B9C /* DYSDemo14ViewController.m */,
				F7EC772221A5637E000F1B9C /* DYSDemo14ViewController.xib */,
				F7EC772A21A56792000F1B9C /* DYSDemo15ViewController.h */,
				F7EC772B21A56792000F1B9C /* DYSDemo15ViewController.m */,
				F7EC772C21A56792000F1B9C /* DYSDemo15ViewController.xib */,
				F7EC772F21A57651000F1B9C /* DYSDemo16ViewController.h */,
				F7EC773021A57651000F1B9C /* DYSDemo16ViewController.m */,
				F7EC773121A57651000F1B9C /* DYSDemo16ViewController.xib */,
				F7EC773421A57B9F000F1B9C /* DYSDemo17ViewController.h */,
				F7EC773521A57B9F000F1B9C /* DYSDemo17ViewController.m */,
				F7EC773621A57B9F000F1B9C /* DYSDemo17ViewController.xib */,
				F7EC773921A57F2A000F1B9C /* DYSDemo18ViewController.h */,
				F7EC773A21A57F2A000F1B9C /* DYSDemo18ViewController.m */,
				F7EC773B21A57F2A000F1B9C /* DYSDemo18ViewController.xib */,
				F7EC773E21A580DC000F1B9C /* DYSDemo19ViewController.h */,
				F7EC773F21A580DC000F1B9C /* DYSDemo19ViewController.m */,
				F7EC774021A580DC000F1B9C /* DYSDemo19ViewController.xib */,
				F7EC774521A58545000F1B9C /* DYSDemo20ViewController.h */,
				F7EC774621A58545000F1B9C /* DYSDemo20ViewController.m */,
				F7EC774721A58545000F1B9C /* DYSDemo20ViewController.xib */,
				F7A2266221ACE08200EA597E /* DYSDemo21ViewController.h */,
				F7A2266321ACE08200EA597E /* DYSDemo21ViewController.m */,
				F7A2266421ACE08200EA597E /* DYSDemo21ViewController.xib */,
				F7A2266721AD248A00EA597E /* DYSDemo22ViewController.h */,
				F7A2266821AD248A00EA597E /* DYSDemo22ViewController.m */,
				F7A2266921AD248A00EA597E /* DYSDemo22ViewController.xib */,
				F7A2266F21AD6C0100EA597E /* DYSDemo23ViewController.h */,
				F7A2267021AD6C0100EA597E /* DYSDemo23ViewController.m */,
				F7A2267121AD6C0100EA597E /* DYSDemo23ViewController.xib */,
				F7A2266C21AD65FC00EA597E /* DYSLayerLabel.h */,
				F7A2266D21AD65FC00EA597E /* DYSLayerLabel.m */,
				F73FEFF5219BFDAC007F9A9D /* Main.storyboard */,
				F73FEFF8219BFDAF007F9A9D /* Assets.xcassets */,
				F73FEFFA219BFDAF007F9A9D /* LaunchScreen.storyboard */,
				F73FEFFD219BFDAF007F9A9D /* Info.plist */,
				F73FEFFE219BFDAF007F9A9D /* main.m */,
			);
			path = LayerExplore;
			sourceTree = "<group>";
		};
/* End PBXGroup section */

/* Begin PBXNativeTarget section */
		F73FEFEB219BFDAC007F9A9D /* LayerExplore */ = {
			isa = PBXNativeTarget;
			buildConfigurationList = F73FF002219BFDAF007F9A9D /* Build configuration list for PBXNativeTarget "LayerExplore" */;
			buildPhases = (
				F73FEFE8219BFDAC007F9A9D /* Sources */,
				F73FEFE9219BFDAC007F9A9D /* Frameworks */,
				F73FEFEA219BFDAC007F9A9D /* Resources */,
			);
			buildRules = (
			);
			dependencies = (
			);
			name = LayerExplore;
			productName = LayerExplore;
			productReference = F73FEFEC219BFDAC007F9A9D /* LayerExplore.app */;
			productType = "com.apple.product-type.application";
		};
/* End PBXNativeTarget section */

/* Begin PBXProject section */
		F73FEFE4219BFDAC007F9A9D /* Project object */ = {
			isa = PBXProject;
			attributes = {
				CLASSPREFIX = DYS;
				LastUpgradeCheck = 1010;
				ORGANIZATIONNAME = "丁玉松";
				TargetAttributes = {
					F73FEFEB219BFDAC007F9A9D = {
						CreatedOnToolsVersion = 10.1;
					};
				};
			};
			buildConfigurationList = F73FEFE7219BFDAC007F9A9D /* Build configuration list for PBXProject "LayerExplore" */;
			compatibilityVersion = "Xcode 9.3";
			developmentRegion = en;
			hasScannedForEncodings = 0;
			knownRegions = (
				en,
				Base,
			);
			mainGroup = F73FEFE3219BFDAC007F9A9D;
			productRefGroup = F73FEFED219BFDAC007F9A9D /* Products */;
			projectDirPath = "";
			projectRoot = "";
			targets = (
				F73FEFEB219BFDAC007F9A9D /* LayerExplore */,
			);
		};
/* End PBXProject section */

/* Begin PBXResourcesBuildPhase section */
		F73FEFEA219BFDAC007F9A9D /* Resources */ = {
			isa = PBXResourcesBuildPhase;
			buildActionMask = 2147483647;
			files = (
				F724DCA7219ECCB400F4A84A /* DYSDemo11ViewController.xib in Resources */,
				F7A2267321AD6C0100EA597E /* DYSDemo23ViewController.xib in Resources */,
				F74B78C7219E761500CDF998 /* DYSDemo06ViewController.xib in Resources */,
				F7D93278219E617E009B4BA3 /* DYSDemo05ViewController.xib in Resources */,
				F7EC772421A5637E000F1B9C /* DYSDemo14ViewController.xib in Resources */,
				F724DCAC219ED37300F4A84A /* DYSDemo12ViewController.xib in Resources */,
				F73FEFFC219BFDAF007F9A9D /* LaunchScreen.storyboard in Resources */,
				F790E5F1219E8D0200D16BFA /* beauty.png in Resources */,
				F7EC773D21A57F2A000F1B9C /* DYSDemo18ViewController.xib in Resources */,
				F73FF013219C09DD007F9A9D /* DYSDemo03ViewController.xib in Resources */,
				F74B78C2219E724D00CDF998 /* buddle@2x.png in Resources */,
				F7EC773821A57B9F000F1B9C /* DYSDemo17ViewController.xib in Resources */,
				F73FF009219BFE62007F9A9D /* DYSDemo01ViewController.xib in Resources */,
				F73FEFF9219BFDAF007F9A9D /* Assets.xcassets in Resources */,
				F7D9327A219E61F3009B4BA3 /* banner1.png in Resources */,
				F7EC772E21A56792000F1B9C /* DYSDemo15ViewController.xib in Resources */,
				F7EC774221A580DC000F1B9C /* DYSDemo19ViewController.xib in Resources */,
				F7EC774921A58545000F1B9C /* DYSDemo20ViewController.xib in Resources */,
				F790E5FB219EA98100D16BFA /* DYSDemo10ViewController.xib in Resources */,
				F74B78CC219E8A8D00CDF998 /* DYSDemo08ViewController.xib in Resources */,
				F7EC773321A57651000F1B9C /* DYSDemo16ViewController.xib in Resources */,
				F7EC774421A58213000F1B9C /* Digits.png in Resources */,
				F7A2266621ACE08200EA597E /* DYSDemo21ViewController.xib in Resources */,
				F73FF00E219C065B007F9A9D /* DYSDemo02ViewController.xib in Resources */,
				F790E5F6219E962C00D16BFA /* DYSDemo09ViewController.xib in Resources */,
				F73FEFF7219BFDAC007F9A9D /* Main.storyboard in Resources */,
				F7F36A7021A556A0003EC807 /* DYSDemo13ViewController.xib in Resources */,
				F7A2266B21AD248A00EA597E /* DYSDemo22ViewController.xib in Resources */,
			);
			runOnlyForDeploymentPostprocessing = 0;
		};
/* End PBXResourcesBuildPhase section */

/* Begin PBXSourcesBuildPhase section */
		F73FEFE8219BFDAC007F9A9D /* Sources */ = {
			isa = PBXSourcesBuildPhase;
			buildActionMask = 2147483647;
			files = (
				F7EC773721A57B9F000F1B9C /* DYSDemo17ViewController.m in Sources */,
				F73FEFF4219BFDAC007F9A9D /* ViewController.m in Sources */,
				F7EC774821A58545000F1B9C /* DYSDemo20ViewController.m in Sources */,
				F73FF016219C09F3007F9A9D /* DYSDemo03Layer.m in Sources */,
				F74B78C6219E761500CDF998 /* DYSDemo06ViewController.m in Sources */,
				F7EC772D21A56792000F1B9C /* DYSDemo15ViewController.m in Sources */,
				F73FF019219C0CE1007F9A9D /* DYSDemo02LayerDelegate.m in Sources */,
				F724DCA6219ECCB400F4A84A /* DYSDemo11ViewController.m in Sources */,
				F73FF008219BFE62007F9A9D /* DYSDemo01ViewController.m in Sources */,
				F7A2267221AD6C0100EA597E /* DYSDemo23ViewController.m in Sources */,
				F790E5F5219E962C00D16BFA /* DYSDemo09ViewController.m in Sources */,
				F7EC772321A5637E000F1B9C /* DYSDemo14ViewController.m in Sources */,
				F7D93277219E617E009B4BA3 /* DYSDemo05ViewController.m in Sources */,
				F73FF00D219C065B007F9A9D /* DYSDemo02ViewController.m in Sources */,
				F7EC773221A57651000F1B9C /* DYSDemo16ViewController.m in Sources */,
				F70A7DA921A560550000E8E5 /* DYSDemo13WeakTimerProxy.m in Sources */,
				F73FEFFF219BFDAF007F9A9D /* main.m in Sources */,
				F7A2266A21AD248A00EA597E /* DYSDemo22ViewController.m in Sources */,
				F73FEFF1219BFDAC007F9A9D /* AppDelegate.m in Sources */,
				F724DCAB219ED37300F4A84A /* DYSDemo12ViewController.m in Sources */,
				F7F36A6F21A556A0003EC807 /* DYSDemo13ViewController.m in Sources */,
				F7EC774121A580DC000F1B9C /* DYSDemo19ViewController.m in Sources */,
				F7A2266E21AD65FC00EA597E /* DYSLayerLabel.m in Sources */,
				F790E5FA219EA98100D16BFA /* DYSDemo10ViewController.m in Sources */,
				F74B78CB219E8A8D00CDF998 /* DYSDemo08ViewController.m in Sources */,
				F7A2266521ACE08200EA597E /* DYSDemo21ViewController.m in Sources */,
				F73FF012219C09DD007F9A9D /* DYSDemo03ViewController.m in Sources */,
				F7EC773C21A57F2A000F1B9C /* DYSDemo18ViewController.m in Sources */,
			);
			runOnlyForDeploymentPostprocessing = 0;
		};
/* End PBXSourcesBuildPhase section */

/* Begin PBXVariantGroup section */
		F73FEFF5219BFDAC007F9A9D /* Main.storyboard */ = {
			isa = PBXVariantGroup;
			children = (
				F73FEFF6219BFDAC007F9A9D /* Base */,
			);
			name = Main.storyboard;
			sourceTree = "<group>";
		};
		F73FEFFA219BFDAF007F9A9D /* LaunchScreen.storyboard */ = {
			isa = PBXVariantGroup;
			children = (
				F73FEFFB219BFDAF007F9A9D /* Base */,
			);
			name = LaunchScreen.storyboard;
			sourceTree = "<group>";
		};
/* End PBXVariantGroup section */

/* Begin XCBuildConfiguration section */
		F73FF000219BFDAF007F9A9D /* Debug */ = {
			isa = XCBuildConfiguration;
			buildSettings = {
				ALWAYS_SEARCH_USER_PATHS = NO;
				CLANG_ANALYZER_NONNULL = YES;
				CLANG_ANALYZER_NUMBER_OBJECT_CONVERSION = YES_AGGRESSIVE;
				CLANG_CXX_LANGUAGE_STANDARD = "gnu++14";
				CLANG_CXX_LIBRARY = "libc++";
				CLANG_ENABLE_MODULES = YES;
				CLANG_ENABLE_OBJC_ARC = YES;
				CLANG_ENABLE_OBJC_WEAK = YES;
				CLANG_WARN_BLOCK_CAPTURE_AUTORELEASING = YES;
				CLANG_WARN_BOOL_CONVERSION = YES;
				CLANG_WARN_COMMA = YES;
				CLANG_WARN_CONSTANT_CONVERSION = YES;
				CLANG_WARN_DEPRECATED_OBJC_IMPLEMENTATIONS = YES;
				CLANG_WARN_DIRECT_OBJC_ISA_USAGE = YES_ERROR;
				CLANG_WARN_DOCUMENTATION_COMMENTS = YES;
				CLANG_WARN_EMPTY_BODY = YES;
				CLANG_WARN_ENUM_CONVERSION = YES;
				CLANG_WARN_INFINITE_RECURSION = YES;
				CLANG_WARN_INT_CONVERSION = YES;
				CLANG_WARN_NON_LITERAL_NULL_CONVERSION = YES;
				CLANG_WARN_OBJC_IMPLICIT_RETAIN_SELF = YES;
				CLANG_WARN_OBJC_LITERAL_CONVERSION = YES;
				CLANG_WARN_OBJC_ROOT_CLASS = YES_ERROR;
				CLANG_WARN_RANGE_LOOP_ANALYSIS = YES;
				CLANG_WARN_STRICT_PROTOTYPES = YES;
				CLANG_WARN_SUSPICIOUS_MOVE = YES;
				CLANG_WARN_UNGUARDED_AVAILABILITY = YES_AGGRESSIVE;
				CLANG_WARN_UNREACHABLE_CODE = YES;
				CLANG_WARN__DUPLICATE_METHOD_MATCH = YES;
				CODE_SIGN_IDENTITY = "iPhone Developer";
				COPY_PHASE_STRIP = NO;
				DEBUG_INFORMATION_FORMAT = dwarf;
				ENABLE_STRICT_OBJC_MSGSEND = YES;
				ENABLE_TESTABILITY = YES;
				GCC_C_LANGUAGE_STANDARD = gnu11;
				GCC_DYNAMIC_NO_PIC = NO;
				GCC_NO_COMMON_BLOCKS = YES;
				GCC_OPTIMIZATION_LEVEL = 0;
				GCC_PREPROCESSOR_DEFINITIONS = (
					"DEBUG=1",
					"$(inherited)",
				);
				GCC_WARN_64_TO_32_BIT_CONVERSION = YES;
				GCC_WARN_ABOUT_RETURN_TYPE = YES_ERROR;
				GCC_WARN_UNDECLARED_SELECTOR = YES;
				GCC_WARN_UNINITIALIZED_AUTOS = YES_AGGRESSIVE;
				GCC_WARN_UNUSED_FUNCTION = YES;
				GCC_WARN_UNUSED_VARIABLE = YES;
				IPHONEOS_DEPLOYMENT_TARGET = 12.1;
				MTL_ENABLE_DEBUG_INFO = INCLUDE_SOURCE;
				MTL_FAST_MATH = YES;
				ONLY_ACTIVE_ARCH = YES;
				SDKROOT = iphoneos;
			};
			name = Debug;
		};
		F73FF001219BFDAF007F9A9D /* Release */ = {
			isa = XCBuildConfiguration;
			buildSettings = {
				ALWAYS_SEARCH_USER_PATHS = NO;
				CLANG_ANALYZER_NONNULL = YES;
				CLANG_ANALYZER_NUMBER_OBJECT_CONVERSION = YES_AGGRESSIVE;
				CLANG_CXX_LANGUAGE_STANDARD = "gnu++14";
				CLANG_CXX_LIBRARY = "libc++";
				CLANG_ENABLE_MODULES = YES;
				CLANG_ENABLE_OBJC_ARC = YES;
				CLANG_ENABLE_OBJC_WEAK = YES;
				CLANG_WARN_BLOCK_CAPTURE_AUTORELEASING = YES;
				CLANG_WARN_BOOL_CONVERSION = YES;
				CLANG_WARN_COMMA = YES;
				CLANG_WARN_CONSTANT_CONVERSION = YES;
				CLANG_WARN_DEPRECATED_OBJC_IMPLEMENTATIONS = YES;
				CLANG_WARN_DIRECT_OBJC_ISA_USAGE = YES_ERROR;
				CLANG_WARN_DOCUMENTATION_COMMENTS = YES;
				CLANG_WARN_EMPTY_BODY = YES;
				CLANG_WARN_ENUM_CONVERSION = YES;
				CLANG_WARN_INFINITE_RECURSION = YES;
				CLANG_WARN_INT_CONVERSION = YES;
				CLANG_WARN_NON_LITERAL_NULL_CONVERSION = YES;
				CLANG_WARN_OBJC_IMPLICIT_RETAIN_SELF = YES;
				CLANG_WARN_OBJC_LITERAL_CONVERSION = YES;
				CLANG_WARN_OBJC_ROOT_CLASS = YES_ERROR;
				CLANG_WARN_RANGE_LOOP_ANALYSIS = YES;
				CLANG_WARN_STRICT_PROTOTYPES = YES;
				CLANG_WARN_SUSPICIOUS_MOVE = YES;
				CLANG_WARN_UNGUARDED_AVAILABILITY = YES_AGGRESSIVE;
				CLANG_WARN_UNREACHABLE_CODE = YES;
				CLANG_WARN__DUPLICATE_METHOD_MATCH = YES;
				CODE_SIGN_IDENTITY = "iPhone Developer";
				COPY_PHASE_STRIP = NO;
				DEBUG_INFORMATION_FORMAT = "dwarf-with-dsym";
				ENABLE_NS_ASSERTIONS = NO;
				ENABLE_STRICT_OBJC_MSGSEND = YES;
				GCC_C_LANGUAGE_STANDARD = gnu11;
				GCC_NO_COMMON_BLOCKS = YES;
				GCC_WARN_64_TO_32_BIT_CONVERSION = YES;
				GCC_WARN_ABOUT_RETURN_TYPE = YES_ERROR;
				GCC_WARN_UNDECLARED_SELECTOR = YES;
				GCC_WARN_UNINITIALIZED_AUTOS = YES_AGGRESSIVE;
				GCC_WARN_UNUSED_FUNCTION = YES;
				GCC_WARN_UNUSED_VARIABLE = YES;
				IPHONEOS_DEPLOYMENT_TARGET = 12.1;
				MTL_ENABLE_DEBUG_INFO = NO;
				MTL_FAST_MATH = YES;
				SDKROOT = iphoneos;
				VALIDATE_PRODUCT = YES;
			};
			name = Release;
		};
		F73FF003219BFDAF007F9A9D /* Debug */ = {
			isa = XCBuildConfiguration;
			buildSettings = {
				ASSETCATALOG_COMPILER_APPICON_NAME = AppIcon;
				CODE_SIGN_STYLE = Manual;
				DEVELOPMENT_TEAM = "";
				INFOPLIST_FILE = LayerExplore/Info.plist;
				LD_RUNPATH_SEARCH_PATHS = (
					"$(inherited)",
					"@executable_path/Frameworks",
				);
				PRODUCT_BUNDLE_IDENTIFIER = com.gbanker.LayerExplore;
				PRODUCT_NAME = "$(TARGET_NAME)";
				PROVISIONING_PROFILE_SPECIFIER = "";
				TARGETED_DEVICE_FAMILY = "1,2";
			};
			name = Debug;
		};
		F73FF004219BFDAF007F9A9D /* Release */ = {
			isa = XCBuildConfiguration;
			buildSettings = {
				ASSETCATALOG_COMPILER_APPICON_NAME = AppIcon;
				CODE_SIGN_STYLE = Manual;
				DEVELOPMENT_TEAM = "";
				INFOPLIST_FILE = LayerExplore/Info.plist;
				LD_RUNPATH_SEARCH_PATHS = (
					"$(inherited)",
					"@executable_path/Frameworks",
				);
				PRODUCT_BUNDLE_IDENTIFIER = com.gbanker.LayerExplore;
				PRODUCT_NAME = "$(TARGET_NAME)";
				PROVISIONING_PROFILE_SPECIFIER = "";
				TARGETED_DEVICE_FAMILY = "1,2";
			};
			name = Release;
		};
/* End XCBuildConfiguration section */

/* Begin XCConfigurationList section */
		F73FEFE7219BFDAC007F9A9D /* Build configuration list for PBXProject "LayerExplore" */ = {
			isa = XCConfigurationList;
			buildConfigurations = (
				F73FF000219BFDAF007F9A9D /* Debug */,
				F73FF001219BFDAF007F9A9D /* Release */,
			);
			defaultConfigurationIsVisible = 0;
			defaultConfigurationName = Release;
		};
		F73FF002219BFDAF007F9A9D /* Build configuration list for PBXNativeTarget "LayerExplore" */ = {
			isa = XCConfigurationList;
			buildConfigurations = (
				F73FF003219BFDAF007F9A9D /* Debug */,
				F73FF004219BFDAF007F9A9D /* Release */,
			);
			defaultConfigurationIsVisible = 0;
			defaultConfigurationName = Release;
		};
/* End XCConfigurationList section */
	};
	rootObject = F73FEFE4219BFDAC007F9A9D /* Project object */;
}
