// !$*UTF8*$!
{
	archiveVersion = 1;
	classes = {
	};
	objectVersion = 50;
	objects = {

/* Begin PBXBuildFile section */
		F73FEFF1219BFDAC007F9A9D /* AppDelegate.m in Sources */ = {isa = PBXBuildFile; fileRef = F73FEFF0219BFDAC007F9A9D /* AppDelegate.m */; };
		F73FEFF4219BFDAC007F9A9D /* ViewController.m in Sources */ = {isa = PBXBuildFile; fileRef = F73FEFF3219BFDAC007F9A9D /* ViewController.m */; };
		F73FEFF7219BFDAC007F9A9D /* Main.storyboard in Resources */ = {isa = PBXBuildFile; fileRef = F73FEFF5219BFDAC007F9A9D /* Main.storyboard */; };
		F73FEFF9219BFDAF007F9A9D /* Assets.xcassets in Resources */ = {isa = PBXBuildFile; fileRef = F73FEFF8219BFDAF007F9A9D /* Assets.xcassets */; };
		F73FEFFC219BFDAF007F9A9D /* LaunchScreen.storyboard in Resources */ = {isa = PBXBuildFile; fileRef = F73FEFFA219BFDAF007F9A9D /* LaunchScreen.storyboard */; };
		F73FEFFF219BFDAF007F9A9D /* main.m in Sources */ = {isa = PBXBuildFile; fileRef = F73FEFFE219BFDAF007F9A9D /* main.m */; };
/* End PBXBuildFile section */

/* Begin PBXFileReference section */
		F73FEFEC219BFDAC007F9A9D /* LayerExplore.app */ = {isa = PBXFileReference; explicitFileType = wrapper.application; includeInIndex = 0; path = LayerExplore.app; sourceTree = BUILT_PRODUCTS_DIR; };
		F73FEFEF219BFDAC007F9A9D /* AppDelegate.h */ = {isa = PBXFileReference; lastKnownFileType = sourcecode.c.h; path = AppDelegate.h; sourceTree = "<group>"; };
		F73FEFF0219BFDAC007F9A9D /* AppDelegate.m */ = {isa = PBXFileReference; lastKnownFileType = sourcecode.c.objc; path = AppDelegate.m; sourceTree = "<group>"; };
		F73FEFF2219BFDAC007F9A9D /* ViewController.h */ = {isa = PBXFileReference; lastKnownFileType = sourcecode.c.h; path = ViewController.h; sourceTree = "<group>"; };
		F73FEFF3219BFDAC007F9A9D /* ViewController.m */ = {isa = PBXFileReference; lastKnownFileType = sourcecode.c.objc; path = ViewController.m; sourceTree = "<group>"; };
		F73FEFF6219BFDAC007F9A9D /* Base */ = {isa = PBXFileReference; lastKnownFileType = file.storyboard; name = Base; path = Base.lproj/Main.storyboard; sourceTree = "<group>"; };
		F73FEFF8219BFDAF007F9A9D /* Assets.xcassets */ = {isa = PBXFileReference; lastKnownFileType = folder.assetcatalog; path = Assets.xcassets; sourceTree = "<group>"; };
		F73FEFFB219BFDAF007F9A9D /* Base */ = {isa = PBXFileReference; lastKnownFileType = file.storyboard; name = Base; path = Base.lproj/LaunchScreen.storyboard; sourceTree = "<group>"; };
		F73FEFFD219BFDAF007F9A9D /* Info.plist */ = {isa = PBXFileReference; lastKnownFileType = text.plist.xml; path = Info.plist; sourceTree = "<group>"; };
		F73FEFFE219BFDAF007F9A9D /* main.m */ = {isa = PBXFileReference; lastKnownFileType = sourcecode.c.objc; path = main.m; sourceTree = "<group>"; };
/* End PBXFileReference section */

/* Begin PBXFrameworksBuildPhase section */
		F73FEFE9219BFDAC007F9A9D /* Frameworks */ = {
			isa = PBXFrameworksBuildPhase;
			buildActionMask = 2147483647;
			files = (
			);
			runOnlyForDeploymentPostprocessing = 0;
		};
/* End PBXFrameworksBuildPhase section */

/* Begin PBXGroup section */
		F73FEFE3219BFDAC007F9A9D = {
			isa = PBXGroup;
			children = (
				F73FEFEE219BFDAC007F9A9D /* LayerExplore */,
				F73FEFED219BFDAC007F9A9D /* Products */,
			);
			sourceTree = "<group>";
		};
		F73FEFED219BFDAC007F9A9D /* Products */ = {
			isa = PBXGroup;
			children = (
				F73FEFEC219BFDAC007F9A9D /* LayerExplore.app */,
			);
			name = Products;
			sourceTree = "<group>";
		};
		F73FEFEE219BFDAC007F9A9D /* LayerExplore */ = {
			isa = PBXGroup;
			children = (
				F73FEFEF219BFDAC007F9A9D /* AppDelegate.h */,
				F73FEFF0219BFDAC007F9A9D /* AppDelegate.m */,
				F73FEFF2219BFDAC007F9A9D /* ViewController.h */,
				F73FEFF3219BFDAC007F9A9D /* ViewController.m */,
				F73FEFF5219BFDAC007F9A9D /* Main.storyboard */,
				F73FEFF8219BFDAF007F9A9D /* Assets.xcassets */,
				F73FEFFA219BFDAF007F9A9D /* LaunchScreen.storyboard */,
				F73FEFFD219BFDAF007F9A9D /* Info.plist */,
				F73FEFFE219BFDAF007F9A9D /* main.m */,
			);
			path = LayerExplore;
			sourceTree = "<group>";
		};
/* End PBXGroup section */

/* Begin PBXNativeTarget section */
		F73FEFEB219BFDAC007F9A9D /* LayerExplore */ = {
			isa = PBXNativeTarget;
			buildConfigurationList = F73FF002219BFDAF007F9A9D /* Build configuration list for PBXNativeTarget "LayerExplore" */;
			buildPhases = (
				F73FEFE8219BFDAC007F9A9D /* Sources */,
				F73FEFE9219BFDAC007F9A9D /* Frameworks */,
				F73FEFEA219BFDAC007F9A9D /* Resources */,
			);
			buildRules = (
			);
			dependencies = (
			);
			name = LayerExplore;
			productName = LayerExplore;
			productReference = F73FEFEC219BFDAC007F9A9D /* LayerExplore.app */;
			productType = "com.apple.product-type.application";
		};
/* End PBXNativeTarget section */

/* Begin PBXProject section */
		F73FEFE4219BFDAC007F9A9D /* Project object */ = {
			isa = PBXProject;
			attributes = {
				LastUpgradeCheck = 1010;
				ORGANIZATIONNAME = "丁玉松";
				TargetAttributes = {
					F73FEFEB219BFDAC007F9A9D = {
						CreatedOnToolsVersion = 10.1;
					};
				};
			};
			buildConfigurationList = F73FEFE7219BFDAC007F9A9D /* Build configuration list for PBXProject "LayerExplore" */;
			compatibilityVersion = "Xcode 9.3";
			developmentRegion = en;
			hasScannedForEncodings = 0;
			knownRegions = (
				en,
				Base,
			);
			mainGroup = F73FEFE3219BFDAC007F9A9D;
			productRefGroup = F73FEFED219BFDAC007F9A9D /* Products */;
			projectDirPath = "";
			projectRoot = "";
			targets = (
				F73FEFEB219BFDAC007F9A9D /* LayerExplore */,
			);
		};
/* End PBXProject section */

/* Begin PBXResourcesBuildPhase section */
		F73FEFEA219BFDAC007F9A9D /* Resources */ = {
			isa = PBXResourcesBuildPhase;
			buildActionMask = 2147483647;
			files = (
				F73FEFFC219BFDAF007F9A9D /* LaunchScreen.storyboard in Resources */,
				F73FEFF9219BFDAF007F9A9D /* Assets.xcassets in Resources */,
				F73FEFF7219BFDAC007F9A9D /* Main.storyboard in Resources */,
			);
			runOnlyForDeploymentPostprocessing = 0;
		};
/* End PBXResourcesBuildPhase section */

/* Begin PBXSourcesBuildPhase section */
		F73FEFE8219BFDAC007F9A9D /* Sources */ = {
			isa = PBXSourcesBuildPhase;
			buildActionMask = 2147483647;
			files = (
				F73FEFF4219BFDAC007F9A9D /* ViewController.m in Sources */,
				F73FEFFF219BFDAF007F9A9D /* main.m in Sources */,
				F73FEFF1219BFDAC007F9A9D /* AppDelegate.m in Sources */,
			);
			runOnlyForDeploymentPostprocessing = 0;
		};
/* End PBXSourcesBuildPhase section */

/* Begin PBXVariantGroup section */
		F73FEFF5219BFDAC007F9A9D /* Main.storyboard */ = {
			isa = PBXVariantGroup;
			children = (
				F73FEFF6219BFDAC007F9A9D /* Base */,
			);
			name = Main.storyboard;
			sourceTree = "<group>";
		};
		F73FEFFA219BFDAF007F9A9D /* LaunchScreen.storyboard */ = {
			isa = PBXVariantGroup;
			children = (
				F73FEFFB219BFDAF007F9A9D /* Base */,
			);
			name = LaunchScreen.storyboard;
			sourceTree = "<group>";
		};
/* End PBXVariantGroup section */

/* Begin XCBuildConfiguration section */
		F73FF000219BFDAF007F9A9D /* Debug */ = {
			isa = XCBuildConfiguration;
			buildSettings = {
				ALWAYS_SEARCH_USER_PATHS = NO;
				CLANG_ANALYZER_NONNULL = YES;
				CLANG_ANALYZER_NUMBER_OBJECT_CONVERSION = YES_AGGRESSIVE;
				CLANG_CXX_LANGUAGE_STANDARD = "gnu++14";
				CLANG_CXX_LIBRARY = "libc++";
				CLANG_ENABLE_MODULES = YES;
				CLANG_ENABLE_OBJC_ARC = YES;
				CLANG_ENABLE_OBJC_WEAK = YES;
				CLANG_WARN_BLOCK_CAPTURE_AUTORELEASING = YES;
				CLANG_WARN_BOOL_CONVERSION = YES;
				CLANG_WARN_COMMA = YES;
				CLANG_WARN_CONSTANT_CONVERSION = YES;
				CLANG_WARN_DEPRECATED_OBJC_IMPLEMENTATIONS = YES;
				CLANG_WARN_DIRECT_OBJC_ISA_USAGE = YES_ERROR;
				CLANG_WARN_DOCUMENTATION_COMMENTS = YES;
				CLANG_WARN_EMPTY_BODY = YES;
				CLANG_WARN_ENUM_CONVERSION = YES;
				CLANG_WARN_INFINITE_RECURSION = YES;
				CLANG_WARN_INT_CONVERSION = YES;
				CLANG_WARN_NON_LITERAL_NULL_CONVERSION = YES;
				CLANG_WARN_OBJC_IMPLICIT_RETAIN_SELF = YES;
				CLANG_WARN_OBJC_LITERAL_CONVERSION = YES;
				CLANG_WARN_OBJC_ROOT_CLASS = YES_ERROR;
				CLANG_WARN_RANGE_LOOP_ANALYSIS = YES;
				CLANG_WARN_STRICT_PROTOTYPES = YES;
				CLANG_WARN_SUSPICIOUS_MOVE = YES;
				CLANG_WARN_UNGUARDED_AVAILABILITY = YES_AGGRESSIVE;
				CLANG_WARN_UNREACHABLE_CODE = YES;
				CLANG_WARN__DUPLICATE_METHOD_MATCH = YES;
				CODE_SIGN_IDENTITY = "iPhone Developer";
				COPY_PHASE_STRIP = NO;
				DEBUG_INFORMATION_FORMAT = dwarf;
				ENABLE_STRICT_OBJC_MSGSEND = YES;
				ENABLE_TESTABILITY = YES;
				GCC_C_LANGUAGE_STANDARD = gnu11;
				GCC_DYNAMIC_NO_PIC = NO;
				GCC_NO_COMMON_BLOCKS = YES;
				GCC_OPTIMIZATION_LEVEL = 0;
				GCC_PREPROCESSOR_DEFINITIONS = (
					"DEBUG=1",
					"$(inherited)",
				);
				GCC_WARN_64_TO_32_BIT_CONVERSION = YES;
				GCC_WARN_ABOUT_RETURN_TYPE = YES_ERROR;
				GCC_WARN_UNDECLARED_SELECTOR = YES;
				GCC_WARN_UNINITIALIZED_AUTOS = YES_AGGRESSIVE;
				GCC_WARN_UNUSED_FUNCTION = YES;
				GCC_WARN_UNUSED_VARIABLE = YES;
				IPHONEOS_DEPLOYMENT_TARGET = 12.1;
				MTL_ENABLE_DEBUG_INFO = INCLUDE_SOURCE;
				MTL_FAST_MATH = YES;
				ONLY_ACTIVE_ARCH = YES;
				SDKROOT = iphoneos;
			};
			name = Debug;
		};
		F73FF001219BFDAF007F9A9D /* Release */ = {
			isa = XCBuildConfiguration;
			buildSettings = {
				ALWAYS_SEARCH_USER_PATHS = NO;
				CLANG_ANALYZER_NONNULL = YES;
				CLANG_ANALYZER_NUMBER_OBJECT_CONVERSION = YES_AGGRESSIVE;
				CLANG_CXX_LANGUAGE_STANDARD = "gnu++14";
				CLANG_CXX_LIBRARY = "libc++";
				CLANG_ENABLE_MODULES = YES;
				CLANG_ENABLE_OBJC_ARC = YES;
				CLANG_ENABLE_OBJC_WEAK = YES;
				CLANG_WARN_BLOCK_CAPTURE_AUTORELEASING = YES;
				CLANG_WARN_BOOL_CONVERSION = YES;
				CLANG_WARN_COMMA = YES;
				CLANG_WARN_CONSTANT_CONVERSION = YES;
				CLANG_WARN_DEPRECATED_OBJC_IMPLEMENTATIONS = YES;
				CLANG_WARN_DIRECT_OBJC_ISA_USAGE = YES_ERROR;
				CLANG_WARN_DOCUMENTATION_COMMENTS = YES;
				CLANG_WARN_EMPTY_BODY = YES;
				CLANG_WARN_ENUM_CONVERSION = YES;
				CLANG_WARN_INFINITE_RECURSION = YES;
				CLANG_WARN_INT_CONVERSION = YES;
				CLANG_WARN_NON_LITERAL_NULL_CONVERSION = YES;
				CLANG_WARN_OBJC_IMPLICIT_RETAIN_SELF = YES;
				CLANG_WARN_OBJC_LITERAL_CONVERSION = YES;
				CLANG_WARN_OBJC_ROOT_CLASS = YES_ERROR;
				CLANG_WARN_RANGE_LOOP_ANALYSIS = YES;
				CLANG_WARN_STRICT_PROTOTYPES = YES;
				CLANG_WARN_SUSPICIOUS_MOVE = YES;
				CLANG_WARN_UNGUARDED_AVAILABILITY = YES_AGGRESSIVE;
				CLANG_WARN_UNREACHABLE_CODE = YES;
				CLANG_WARN__DUPLICATE_METHOD_MATCH = YES;
				CODE_SIGN_IDENTITY = "iPhone Developer";
				COPY_PHASE_STRIP = NO;
				DEBUG_INFORMATION_FORMAT = "dwarf-with-dsym";
				ENABLE_NS_ASSERTIONS = NO;
				ENABLE_STRICT_OBJC_MSGSEND = YES;
				GCC_C_LANGUAGE_STANDARD = gnu11;
				GCC_NO_COMMON_BLOCKS = YES;
				GCC_WARN_64_TO_32_BIT_CONVERSION = YES;
				GCC_WARN_ABOUT_RETURN_TYPE = YES_ERROR;
				GCC_WARN_UNDECLARED_SELECTOR = YES;
				GCC_WARN_UNINITIALIZED_AUTOS = YES_AGGRESSIVE;
				GCC_WARN_UNUSED_FUNCTION = YES;
				GCC_WARN_UNUSED_VARIABLE = YES;
				IPHONEOS_DEPLOYMENT_TARGET = 12.1;
				MTL_ENABLE_DEBUG_INFO = NO;
				MTL_FAST_MATH = YES;
				SDKROOT = iphoneos;
				VALIDATE_PRODUCT = YES;
			};
			name = Release;
		};
		F73FF003219BFDAF007F9A9D /* Debug */ = {
			isa = XCBuildConfiguration;
			buildSettings = {
				ASSETCATALOG_COMPILER_APPICON_NAME = AppIcon;
				CODE_SIGN_STYLE = Automatic;
				INFOPLIST_FILE = LayerExplore/Info.plist;
				LD_RUNPATH_SEARCH_PATHS = (
					"$(inherited)",
					"@executable_path/Frameworks",
				);
				PRODUCT_BUNDLE_IDENTIFIER = com.gbanker.LayerExplore;
				PRODUCT_NAME = "$(TARGET_NAME)";
				TARGETED_DEVICE_FAMILY = "1,2";
			};
			name = Debug;
		};
		F73FF004219BFDAF007F9A9D /* Release */ = {
			isa = XCBuildConfiguration;
			buildSettings = {
				ASSETCATALOG_COMPILER_APPICON_NAME = AppIcon;
				CODE_SIGN_STYLE = Automatic;
				INFOPLIST_FILE = LayerExplore/Info.plist;
				LD_RUNPATH_SEARCH_PATHS = (
					"$(inherited)",
					"@executable_path/Frameworks",
				);
				PRODUCT_BUNDLE_IDENTIFIER = com.gbanker.LayerExplore;
				PRODUCT_NAME = "$(TARGET_NAME)";
				TARGETED_DEVICE_FAMILY = "1,2";
			};
			name = Release;
		};
/* End XCBuildConfiguration section */

/* Begin XCConfigurationList section */
		F73FEFE7219BFDAC007F9A9D /* Build configuration list for PBXProject "LayerExplore" */ = {
			isa = XCConfigurationList;
			buildConfigurations = (
				F73FF000219BFDAF007F9A9D /* Debug */,
				F73FF001219BFDAF007F9A9D /* Release */,
			);
			defaultConfigurationIsVisible = 0;
			defaultConfigurationName = Release;
		};
		F73FF002219BFDAF007F9A9D /* Build configuration list for PBXNativeTarget "LayerExplore" */ = {
			isa = XCConfigurationList;
			buildConfigurations = (
				F73FF003219BFDAF007F9A9D /* Debug */,
				F73FF004219BFDAF007F9A9D /* Release */,
			);
			defaultConfigurationIsVisible = 0;
			defaultConfigurationName = Release;
		};
/* End XCConfigurationList section */
	};
	rootObject = F73FEFE4219BFDAC007F9A9D /* Project object */;
}
